
Microsoft Visual Studio Solution File, Format Version 12.00
# Visual Studio Version 17
VisualStudioVersion = 17.11.35312.102
MinimumVisualStudioVersion = 10.0.40219.1
Project("{9A19103F-16F7-4668-BE54-9A1E7A4F7556}") = "Polymorphism", "Polymorphism\Polymorphism.csproj", "{B30AC9C3-3FFB-4F71-AB3D-C67E7B88EC74}"
EndProject
Project("{2150E333-8FDC-42A3-9474-1A3956D46DE8}") = "NewFolder1", "NewFolder1", "{3F9B0D9A-4466-414E-9DA0-B6DA8325B275}"
EndProject
Project("{9A19103F-16F7-4668-BE54-9A1E7A4F7556}") = "RuntimePolymorphism", "RuntimePolymorphism\RuntimePolymorphism.csproj", "{35727EDE-DD5B-44A6-BB99-356C0329CC9F}"
EndProject
Project("{9A19103F-16F7-4668-BE54-9A1E7A4F7556}") = "Composition", "Composition\Composition.csproj", "{07A1FD07-197D-4B31-A162-789B7CD3DC05}"
EndProject
Project("{FAE04EC0-301F-11D3-BF4B-00C04F79EFBC}") = "PolymorphicRelations", "PolymorphicRelations\PolymorphicRelations.csproj", "{0ABBC6A2-0E48-485E-BF95-0F12D4345B96}"
EndProject
Global
	GlobalSection(SolutionConfigurationPlatforms) = preSolution
		Debug|Any CPU = Debug|Any CPU
		Release|Any CPU = Release|Any CPU
	EndGlobalSection
	GlobalSection(ProjectConfigurationPlatforms) = postSolution
		{B30AC9C3-3FFB-4F71-AB3D-C67E7B88EC74}.Debug|Any CPU.ActiveCfg = Debug|Any CPU
		{B30AC9C3-3FFB-4F71-AB3D-C67E7B88EC74}.Debug|Any CPU.Build.0 = Debug|Any CPU
		{B30AC9C3-3FFB-4F71-AB3D-C67E7B88EC74}.Release|Any CPU.ActiveCfg = Release|Any CPU
		{B30AC9C3-3FFB-4F71-AB3D-C67E7B88EC74}.Release|Any CPU.Build.0 = Release|Any CPU
		{35727EDE-DD5B-44A6-BB99-356C0329CC9F}.Debug|Any CPU.ActiveCfg = Debug|Any CPU
		{35727EDE-DD5B-44A6-BB99-356C0329CC9F}.Debug|Any CPU.Build.0 = Debug|Any CPU
		{35727EDE-DD5B-44A6-BB99-356C0329CC9F}.Release|Any CPU.ActiveCfg = Release|Any CPU
		{35727EDE-DD5B-44A6-BB99-356C0329CC9F}.Release|Any CPU.Build.0 = Release|Any CPU
		{07A1FD07-197D-4B31-A162-789B7CD3DC05}.Debug|Any CPU.ActiveCfg = Debug|Any CPU
		{07A1FD07-197D-4B31-A162-789B7CD3DC05}.Debug|Any CPU.Build.0 = Debug|Any CPU
		{07A1FD07-197D-4B31-A162-789B7CD3DC05}.Release|Any CPU.ActiveCfg = Release|Any CPU
		{07A1FD07-197D-4B31-A162-789B7CD3DC05}.Release|Any CPU.Build.0 = Release|Any CPU
		{0ABBC6A2-0E48-485E-BF95-0F12D4345B96}.Debug|Any CPU.ActiveCfg = Debug|Any CPU
		{0ABBC6A2-0E48-485E-BF95-0F12D4345B96}.Debug|Any CPU.Build.0 = Debug|Any CPU
		{0ABBC6A2-0E48-485E-BF95-0F12D4345B96}.Release|Any CPU.ActiveCfg = Release|Any CPU
		{0ABBC6A2-0E48-485E-BF95-0F12D4345B96}.Release|Any CPU.Build.0 = Release|Any CPU
	EndGlobalSection
	GlobalSection(SolutionProperties) = preSolution
		HideSolutionNode = FALSE
	EndGlobalSection
	GlobalSection(ExtensibilityGlobals) = postSolution
		SolutionGuid = {B908EC09-C698-4504-ADA4-C7AB8B08938D}
	EndGlobalSection
EndGlobal
